
Microsoft Visual Studio Solution File, Format Version 12.00
# Visual Studio Version 17
VisualStudioVersion = 17.0.31912.275
MinimumVisualStudioVersion = 10.0.40219.1
Project("{FAE04EC0-301F-11D3-BF4B-00C04F79EFBC}") = "OdeToFood", "OdeToFood\OdeToFood.csproj", "{164C7FDB-EBDD-4491-9AC7-E531A3FDBBD0}"
EndProject
Project("{FAE04EC0-301F-11D3-BF4B-00C04F79EFBC}") = "OdeToFood.Core", "OdeToFood.Core\OdeToFood.Core.csproj", "{AEC4BCFA-E39E-42C9-B358-EBFC088D669D}"
EndProject
Global
	GlobalSection(SolutionConfigurationPlatforms) = preSolution
		Debug|Any CPU = Debug|Any CPU
		Release|Any CPU = Release|Any CPU
	EndGlobalSection
	GlobalSection(ProjectConfigurationPlatforms) = postSolution
		{164C7FDB-EBDD-4491-9AC7-E531A3FDBBD0}.Debug|Any CPU.ActiveCfg = Debug|Any CPU
		{164C7FDB-EBDD-4491-9AC7-E531A3FDBBD0}.Debug|Any CPU.Build.0 = Debug|Any CPU
		{164C7FDB-EBDD-4491-9AC7-E531A3FDBBD0}.Release|Any CPU.ActiveCfg = Release|Any CPU
		{164C7FDB-EBDD-4491-9AC7-E531A3FDBBD0}.Release|Any CPU.Build.0 = Release|Any CPU
		{AEC4BCFA-E39E-42C9-B358-EBFC088D669D}.Debug|Any CPU.ActiveCfg = Debug|Any CPU
		{AEC4BCFA-E39E-42C9-B358-EBFC088D669D}.Debug|Any CPU.Build.0 = Debug|Any CPU
		{AEC4BCFA-E39E-42C9-B358-EBFC088D669D}.Release|Any CPU.ActiveCfg = Release|Any CPU
		{AEC4BCFA-E39E-42C9-B358-EBFC088D669D}.Release|Any CPU.Build.0 = Release|Any CPU
	EndGlobalSection
	GlobalSection(SolutionProperties) = preSolution
		HideSolutionNode = FALSE
	EndGlobalSection
	GlobalSection(ExtensibilityGlobals) = postSolution
		SolutionGuid = {F643E842-7B21-45A2-A5DC-92F9AFF49B94}
	EndGlobalSection
EndGlobal
